// !$*UTF8*$!
{
	archiveVersion = 1;
	classes = {
	};
	objectVersion = 53;
	objects = {

/* Begin PBXBuildFile section */
		CB19C289252C82CA009DB081 /* FriendRequestTableViewCell.swift in Sources */ = {isa = PBXBuildFile; fileRef = CB19C288252C82CA009DB081 /* FriendRequestTableViewCell.swift */; };
		CB19C28C252C82D8009DB081 /* IgnoreListTableViewCell.swift in Sources */ = {isa = PBXBuildFile; fileRef = CB19C28B252C82D8009DB081 /* IgnoreListTableViewCell.swift */; };
		CB19C28F252C82F1009DB081 /* AccountTableViewController.swift in Sources */ = {isa = PBXBuildFile; fileRef = CB19C28E252C82F1009DB081 /* AccountTableViewController.swift */; };
		CB226F3825205A1E00BB0F51 /* credentials.plist in Resources */ = {isa = PBXBuildFile; fileRef = CB226F3725205A1D00BB0F51 /* credentials.plist */; };
		CB226F4425218C0100BB0F51 /* memorialMakerInto.mp4 in Resources */ = {isa = PBXBuildFile; fileRef = CB226F4325218C0100BB0F51 /* memorialMakerInto.mp4 */; };
		CB398EFB23695D0600A515B9 /* GraveStoriesTableViewController.swift in Sources */ = {isa = PBXBuildFile; fileRef = CB398EFA23695D0600A515B9 /* GraveStoriesTableViewController.swift */; };
		CB3A1AA524F4475500BACC73 /* MemorialsTableViewController.swift in Sources */ = {isa = PBXBuildFile; fileRef = CB3A1AA424F4475500BACC73 /* MemorialsTableViewController.swift */; };
		CB3A1AA724F447DC00BACC73 /* MemorialsTableViewCell.swift in Sources */ = {isa = PBXBuildFile; fileRef = CB3A1AA624F447DC00BACC73 /* MemorialsTableViewCell.swift */; };
		CB3A30E1235F9E4B00CF2CBB /* Main.storyboard in Resources */ = {isa = PBXBuildFile; fileRef = CB3A30E0235F9E4B00CF2CBB /* Main.storyboard */; };
		CB3A388A237528E400DA756D /* NewGraveStoryTableViewController.swift in Sources */ = {isa = PBXBuildFile; fileRef = CB3A3889237528E400DA756D /* NewGraveStoryTableViewController.swift */; };
		CB3A388C2375293F00DA756D /* GraveStoryTableViewController.swift in Sources */ = {isa = PBXBuildFile; fileRef = CB3A388B2375293F00DA756D /* GraveStoryTableViewController.swift */; };
		CB5BAAE1247DBA8C00350553 /* PaymentsViewController.swift in Sources */ = {isa = PBXBuildFile; fileRef = CB5BAAE0247DBA8C00350553 /* PaymentsViewController.swift */; };
		CB697DF32440A82F0035C07A /* SignInWithAppleManager.swift in Sources */ = {isa = PBXBuildFile; fileRef = CB697DF22440A82F0035C07A /* SignInWithAppleManager.swift */; };
		CB697DF52440A8460035C07A /* AuthState.swift in Sources */ = {isa = PBXBuildFile; fileRef = CB697DF42440A8460035C07A /* AuthState.swift */; };
		CB8304C824B5CE9D0023F4EA /* PremiumViewController.swift in Sources */ = {isa = PBXBuildFile; fileRef = CB8304C724B5CE9D0023F4EA /* PremiumViewController.swift */; };
		CB881F9A2367B41E00615F2F /* EditGraveTableViewController.swift in Sources */ = {isa = PBXBuildFile; fileRef = CB881F992367B41E00615F2F /* EditGraveTableViewController.swift */; };
		CBBC7B0F2522933500BE6697 /* GoogleService-Info.plist in Resources */ = {isa = PBXBuildFile; fileRef = CBBC7B0E2522933400BE6697 /* GoogleService-Info.plist */; };
		CBBC7B1F252B054800BE6697 /* LocationSearchTableView.swift in Sources */ = {isa = PBXBuildFile; fileRef = CBBC7B1E252B054800BE6697 /* LocationSearchTableView.swift */; };
		CBBCBD46250A74F700326169 /* paperSound.wav in Resources */ = {isa = PBXBuildFile; fileRef = CBBCBD44250A74F600326169 /* paperSound.wav */; };
		CBBCBD47250A74F700326169 /* paperBookSound.wav in Resources */ = {isa = PBXBuildFile; fileRef = CBBCBD45250A74F700326169 /* paperBookSound.wav */; };
		CBC5B0C925513C9E00534803 /* LocationSearchTableViewCell.swift in Sources */ = {isa = PBXBuildFile; fileRef = CBC5B0C825513C9E00534803 /* LocationSearchTableViewCell.swift */; };
		CBC84A8E29E8F55A0063ABBD /* GoogleSignIn in Frameworks */ = {isa = PBXBuildFile; productRef = CBC84A8D29E8F55A0063ABBD /* GoogleSignIn */; };
		CBC84A9029E8F55A0063ABBD /* GoogleSignInSwift in Frameworks */ = {isa = PBXBuildFile; productRef = CBC84A8F29E8F55A0063ABBD /* GoogleSignInSwift */; };
		CBC84A9329E8F5C40063ABBD /* FirebaseAnalytics in Frameworks */ = {isa = PBXBuildFile; productRef = CBC84A9229E8F5C40063ABBD /* FirebaseAnalytics */; };
		CBC84A9529E8F5C40063ABBD /* FirebaseAnalyticsSwift in Frameworks */ = {isa = PBXBuildFile; productRef = CBC84A9429E8F5C40063ABBD /* FirebaseAnalyticsSwift */; };
		CBC84A9729E8F5C50063ABBD /* FirebaseAppCheck in Frameworks */ = {isa = PBXBuildFile; productRef = CBC84A9629E8F5C50063ABBD /* FirebaseAppCheck */; };
		CBC84A9929E8F5C50063ABBD /* FirebaseAuth in Frameworks */ = {isa = PBXBuildFile; productRef = CBC84A9829E8F5C50063ABBD /* FirebaseAuth */; };
		CBC84A9B29E8F5C50063ABBD /* FirebaseAuthCombine-Community in Frameworks */ = {isa = PBXBuildFile; productRef = CBC84A9A29E8F5C50063ABBD /* FirebaseAuthCombine-Community */; };
		CBC84A9D29E8F5C50063ABBD /* FirebaseCrashlytics in Frameworks */ = {isa = PBXBuildFile; productRef = CBC84A9C29E8F5C50063ABBD /* FirebaseCrashlytics */; };
		CBC84A9F29E8F5C50063ABBD /* FirebaseDatabase in Frameworks */ = {isa = PBXBuildFile; productRef = CBC84A9E29E8F5C50063ABBD /* FirebaseDatabase */; };
		CBC84AA129E8F5C50063ABBD /* FirebaseDatabaseSwift in Frameworks */ = {isa = PBXBuildFile; productRef = CBC84AA029E8F5C50063ABBD /* FirebaseDatabaseSwift */; };
		CBC84AA329E8F5C50063ABBD /* FirebaseDynamicLinks in Frameworks */ = {isa = PBXBuildFile; productRef = CBC84AA229E8F5C50063ABBD /* FirebaseDynamicLinks */; };
		CBC84AA529E8F5C50063ABBD /* FirebaseFirestore in Frameworks */ = {isa = PBXBuildFile; productRef = CBC84AA429E8F5C50063ABBD /* FirebaseFirestore */; };
		CBC84AA729E8F5C50063ABBD /* FirebaseFirestoreCombine-Community in Frameworks */ = {isa = PBXBuildFile; productRef = CBC84AA629E8F5C50063ABBD /* FirebaseFirestoreCombine-Community */; };
		CBC84AA929E8F5C50063ABBD /* FirebaseFirestoreSwift in Frameworks */ = {isa = PBXBuildFile; productRef = CBC84AA829E8F5C50063ABBD /* FirebaseFirestoreSwift */; };
		CBC84AAB29E8F5C50063ABBD /* FirebaseFunctions in Frameworks */ = {isa = PBXBuildFile; productRef = CBC84AAA29E8F5C50063ABBD /* FirebaseFunctions */; };
		CBC84AAD29E8F5C50063ABBD /* FirebaseInAppMessaging-Beta in Frameworks */ = {isa = PBXBuildFile; productRef = CBC84AAC29E8F5C50063ABBD /* FirebaseInAppMessaging-Beta */; };
		CBC84AAF29E8F5C50063ABBD /* FirebaseInAppMessagingSwift-Beta in Frameworks */ = {isa = PBXBuildFile; productRef = CBC84AAE29E8F5C50063ABBD /* FirebaseInAppMessagingSwift-Beta */; };
		CBC84AB129E8F5C50063ABBD /* FirebaseInstallations in Frameworks */ = {isa = PBXBuildFile; productRef = CBC84AB029E8F5C50063ABBD /* FirebaseInstallations */; };
		CBC84AB329E8F5C50063ABBD /* FirebaseMLModelDownloader in Frameworks */ = {isa = PBXBuildFile; productRef = CBC84AB229E8F5C50063ABBD /* FirebaseMLModelDownloader */; };
		CBC84AB529E8F5C50063ABBD /* FirebaseMessaging in Frameworks */ = {isa = PBXBuildFile; productRef = CBC84AB429E8F5C50063ABBD /* FirebaseMessaging */; };
		CBC84AB729E8F5C50063ABBD /* FirebasePerformance in Frameworks */ = {isa = PBXBuildFile; productRef = CBC84AB629E8F5C50063ABBD /* FirebasePerformance */; };
		CBC84AB929E8F5C50063ABBD /* FirebaseRemoteConfig in Frameworks */ = {isa = PBXBuildFile; productRef = CBC84AB829E8F5C50063ABBD /* FirebaseRemoteConfig */; };
		CBC84ABB29E8F5C50063ABBD /* FirebaseRemoteConfigSwift in Frameworks */ = {isa = PBXBuildFile; productRef = CBC84ABA29E8F5C50063ABBD /* FirebaseRemoteConfigSwift */; };
		CBC84ABD29E8F5C50063ABBD /* FirebaseStorage in Frameworks */ = {isa = PBXBuildFile; productRef = CBC84ABC29E8F5C50063ABBD /* FirebaseStorage */; };
		CBCE0E0B23FD12D00077A4F1 /* SplashViewController.swift in Sources */ = {isa = PBXBuildFile; fileRef = CBCE0E0823FD12D00077A4F1 /* SplashViewController.swift */; };
		CBCE0E0D23FD12D00077A4F1 /* SceneDelegate.swift in Sources */ = {isa = PBXBuildFile; fileRef = CBCE0E0A23FD12D00077A4F1 /* SceneDelegate.swift */; };
		CBCE0E0F23FD13050077A4F1 /* AppDelegate.swift in Sources */ = {isa = PBXBuildFile; fileRef = CBCE0E0E23FD13050077A4F1 /* AppDelegate.swift */; };
		CBCE0E1423FD13300077A4F1 /* SignInViewController.swift in Sources */ = {isa = PBXBuildFile; fileRef = CBCE0E1023FD13290077A4F1 /* SignInViewController.swift */; };
		CBCE0E1523FD13300077A4F1 /* GlobalExtension.swift in Sources */ = {isa = PBXBuildFile; fileRef = CBCE0E1123FD132B0077A4F1 /* GlobalExtension.swift */; };
		CBCE0E1623FD13300077A4F1 /* MyFirebase.swift in Sources */ = {isa = PBXBuildFile; fileRef = CBCE0E1223FD132E0077A4F1 /* MyFirebase.swift */; };
		CBCE0E1723FD13300077A4F1 /* GIDSignInExtension.swift in Sources */ = {isa = PBXBuildFile; fileRef = CBCE0E1323FD13300077A4F1 /* GIDSignInExtension.swift */; };
		CBCE0E1923FD13460077A4F1 /* MapViewController.swift in Sources */ = {isa = PBXBuildFile; fileRef = CBCE0E1823FD13460077A4F1 /* MapViewController.swift */; };
		CBCE0E1D23FD13910077A4F1 /* CustomAnnotation.swift in Sources */ = {isa = PBXBuildFile; fileRef = CBCE0E1C23FD13910077A4F1 /* CustomAnnotation.swift */; };
		CBCE0E2123FD13AC0077A4F1 /* Grave.swift in Sources */ = {isa = PBXBuildFile; fileRef = CBCE0E2023FD13AB0077A4F1 /* Grave.swift */; };
		CBCE0E2323FD13BE0077A4F1 /* Story.swift in Sources */ = {isa = PBXBuildFile; fileRef = CBCE0E2223FD13BE0077A4F1 /* Story.swift */; };
		CBCE0E2523FD13CC0077A4F1 /* UserProfile.swift in Sources */ = {isa = PBXBuildFile; fileRef = CBCE0E2423FD13CB0077A4F1 /* UserProfile.swift */; };
		CBCE0E2723FD13E80077A4F1 /* GraveProfileImage.swift in Sources */ = {isa = PBXBuildFile; fileRef = CBCE0E2623FD13E80077A4F1 /* GraveProfileImage.swift */; };
		CBCE0E2923FD13F40077A4F1 /* UserReport.swift in Sources */ = {isa = PBXBuildFile; fileRef = CBCE0E2823FD13F40077A4F1 /* UserReport.swift */; };
		CBCE0E2B23FD14080077A4F1 /* GraveTableViewController.swift in Sources */ = {isa = PBXBuildFile; fileRef = CBCE0E2A23FD14080077A4F1 /* GraveTableViewController.swift */; };
		CBCE0E2D23FD14250077A4F1 /* StoryTableViewCell.swift in Sources */ = {isa = PBXBuildFile; fileRef = CBCE0E2C23FD14250077A4F1 /* StoryTableViewCell.swift */; };
		CBCE0E2F23FD14410077A4F1 /* Assets.xcassets in Resources */ = {isa = PBXBuildFile; fileRef = CBCE0E2E23FD14410077A4F1 /* Assets.xcassets */; };
		CBCE0E3323FD14690077A4F1 /* LaunchScreen.storyboard in Resources */ = {isa = PBXBuildFile; fileRef = CBCE0E3223FD14690077A4F1 /* LaunchScreen.storyboard */; };
		CBDA1057251FFB7600586653 /* MapKit.framework in Frameworks */ = {isa = PBXBuildFile; fileRef = CBDA1056251FFB7600586653 /* MapKit.framework */; };
		CBDAE672253362AB004084F3 /* FriendListDynamicTableViewCell.swift in Sources */ = {isa = PBXBuildFile; fileRef = CBDAE671253362AB004084F3 /* FriendListDynamicTableViewCell.swift */; };
		CBF424A224FE1F970095AE96 /* PlayerView.swift in Sources */ = {isa = PBXBuildFile; fileRef = CBF424A124FE1F960095AE96 /* PlayerView.swift */; };
/* End PBXBuildFile section */

/* Begin PBXFileReference section */
		CB19C288252C82CA009DB081 /* FriendRequestTableViewCell.swift */ = {isa = PBXFileReference; lastKnownFileType = sourcecode.swift; path = FriendRequestTableViewCell.swift; sourceTree = "<group>"; };
		CB19C28B252C82D8009DB081 /* IgnoreListTableViewCell.swift */ = {isa = PBXFileReference; lastKnownFileType = sourcecode.swift; path = IgnoreListTableViewCell.swift; sourceTree = "<group>"; };
		CB19C28E252C82F1009DB081 /* AccountTableViewController.swift */ = {isa = PBXFileReference; lastKnownFileType = sourcecode.swift; path = AccountTableViewController.swift; sourceTree = "<group>"; };
		CB226F3725205A1D00BB0F51 /* credentials.plist */ = {isa = PBXFileReference; fileEncoding = 4; lastKnownFileType = text.plist.xml; path = credentials.plist; sourceTree = "<group>"; };
		CB226F4325218C0100BB0F51 /* memorialMakerInto.mp4 */ = {isa = PBXFileReference; lastKnownFileType = file; path = memorialMakerInto.mp4; sourceTree = "<group>"; };
		CB398EFA23695D0600A515B9 /* GraveStoriesTableViewController.swift */ = {isa = PBXFileReference; lastKnownFileType = sourcecode.swift; path = GraveStoriesTableViewController.swift; sourceTree = "<group>"; };
		CB3A1AA424F4475500BACC73 /* MemorialsTableViewController.swift */ = {isa = PBXFileReference; lastKnownFileType = sourcecode.swift; path = MemorialsTableViewController.swift; sourceTree = "<group>"; };
		CB3A1AA624F447DC00BACC73 /* MemorialsTableViewCell.swift */ = {isa = PBXFileReference; lastKnownFileType = sourcecode.swift; path = MemorialsTableViewCell.swift; sourceTree = "<group>"; };
		CB3A30E0235F9E4B00CF2CBB /* Main.storyboard */ = {isa = PBXFileReference; lastKnownFileType = file.storyboard; path = Main.storyboard; sourceTree = "<group>"; };
		CB3A3889237528E400DA756D /* NewGraveStoryTableViewController.swift */ = {isa = PBXFileReference; lastKnownFileType = sourcecode.swift; path = NewGraveStoryTableViewController.swift; sourceTree = "<group>"; };
		CB3A388B2375293F00DA756D /* GraveStoryTableViewController.swift */ = {isa = PBXFileReference; lastKnownFileType = sourcecode.swift; path = GraveStoryTableViewController.swift; sourceTree = "<group>"; };
		CB4895A324DC95A000055688 /* GraveYardApp.entitlements */ = {isa = PBXFileReference; fileEncoding = 4; lastKnownFileType = text.plist.entitlements; path = GraveYardApp.entitlements; sourceTree = "<group>"; };
		CB5AE18323512B14001BCCCE /* Remembrances.app */ = {isa = PBXFileReference; explicitFileType = wrapper.application; includeInIndex = 0; path = Remembrances.app; sourceTree = BUILT_PRODUCTS_DIR; };
		CB5AE19423512B16001BCCCE /* Info.plist */ = {isa = PBXFileReference; lastKnownFileType = text.plist.xml; path = Info.plist; sourceTree = "<group>"; };
		CB5BAAE0247DBA8C00350553 /* PaymentsViewController.swift */ = {isa = PBXFileReference; lastKnownFileType = sourcecode.swift; path = PaymentsViewController.swift; sourceTree = "<group>"; };
		CB697DF22440A82F0035C07A /* SignInWithAppleManager.swift */ = {isa = PBXFileReference; lastKnownFileType = sourcecode.swift; path = SignInWithAppleManager.swift; sourceTree = "<group>"; };
		CB697DF42440A8460035C07A /* AuthState.swift */ = {isa = PBXFileReference; lastKnownFileType = sourcecode.swift; path = AuthState.swift; sourceTree = "<group>"; };
		CB8304C724B5CE9D0023F4EA /* PremiumViewController.swift */ = {isa = PBXFileReference; lastKnownFileType = sourcecode.swift; path = PremiumViewController.swift; sourceTree = "<group>"; };
		CB881F992367B41E00615F2F /* EditGraveTableViewController.swift */ = {isa = PBXFileReference; lastKnownFileType = sourcecode.swift; path = EditGraveTableViewController.swift; sourceTree = "<group>"; };
		CBBC7B0E2522933400BE6697 /* GoogleService-Info.plist */ = {isa = PBXFileReference; fileEncoding = 4; lastKnownFileType = text.plist.xml; path = "GoogleService-Info.plist"; sourceTree = "<group>"; };
		CBBC7B1E252B054800BE6697 /* LocationSearchTableView.swift */ = {isa = PBXFileReference; lastKnownFileType = sourcecode.swift; path = LocationSearchTableView.swift; sourceTree = "<group>"; };
		CBBCBD44250A74F600326169 /* paperSound.wav */ = {isa = PBXFileReference; lastKnownFileType = audio.wav; path = paperSound.wav; sourceTree = "<group>"; };
		CBBCBD45250A74F700326169 /* paperBookSound.wav */ = {isa = PBXFileReference; lastKnownFileType = audio.wav; path = paperBookSound.wav; sourceTree = "<group>"; };
		CBC5B0C825513C9E00534803 /* LocationSearchTableViewCell.swift */ = {isa = PBXFileReference; lastKnownFileType = sourcecode.swift; path = LocationSearchTableViewCell.swift; sourceTree = "<group>"; };
		CBCE0E0823FD12D00077A4F1 /* SplashViewController.swift */ = {isa = PBXFileReference; fileEncoding = 4; lastKnownFileType = sourcecode.swift; path = SplashViewController.swift; sourceTree = "<group>"; };
		CBCE0E0A23FD12D00077A4F1 /* SceneDelegate.swift */ = {isa = PBXFileReference; fileEncoding = 4; lastKnownFileType = sourcecode.swift; path = SceneDelegate.swift; sourceTree = "<group>"; };
		CBCE0E0E23FD13050077A4F1 /* AppDelegate.swift */ = {isa = PBXFileReference; fileEncoding = 4; lastKnownFileType = sourcecode.swift; path = AppDelegate.swift; sourceTree = "<group>"; };
		CBCE0E1023FD13290077A4F1 /* SignInViewController.swift */ = {isa = PBXFileReference; fileEncoding = 4; lastKnownFileType = sourcecode.swift; path = SignInViewController.swift; sourceTree = "<group>"; };
		CBCE0E1123FD132B0077A4F1 /* GlobalExtension.swift */ = {isa = PBXFileReference; fileEncoding = 4; lastKnownFileType = sourcecode.swift; path = GlobalExtension.swift; sourceTree = "<group>"; };
		CBCE0E1223FD132E0077A4F1 /* MyFirebase.swift */ = {isa = PBXFileReference; fileEncoding = 4; lastKnownFileType = sourcecode.swift; path = MyFirebase.swift; sourceTree = "<group>"; };
		CBCE0E1323FD13300077A4F1 /* GIDSignInExtension.swift */ = {isa = PBXFileReference; fileEncoding = 4; lastKnownFileType = sourcecode.swift; path = GIDSignInExtension.swift; sourceTree = "<group>"; };
		CBCE0E1823FD13460077A4F1 /* MapViewController.swift */ = {isa = PBXFileReference; fileEncoding = 4; lastKnownFileType = sourcecode.swift; path = MapViewController.swift; sourceTree = "<group>"; };
		CBCE0E1C23FD13910077A4F1 /* CustomAnnotation.swift */ = {isa = PBXFileReference; fileEncoding = 4; lastKnownFileType = sourcecode.swift; path = CustomAnnotation.swift; sourceTree = "<group>"; };
		CBCE0E2023FD13AB0077A4F1 /* Grave.swift */ = {isa = PBXFileReference; fileEncoding = 4; lastKnownFileType = sourcecode.swift; path = Grave.swift; sourceTree = "<group>"; };
		CBCE0E2223FD13BE0077A4F1 /* Story.swift */ = {isa = PBXFileReference; fileEncoding = 4; lastKnownFileType = sourcecode.swift; path = Story.swift; sourceTree = "<group>"; };
		CBCE0E2423FD13CB0077A4F1 /* UserProfile.swift */ = {isa = PBXFileReference; fileEncoding = 4; lastKnownFileType = sourcecode.swift; path = UserProfile.swift; sourceTree = "<group>"; };
		CBCE0E2623FD13E80077A4F1 /* GraveProfileImage.swift */ = {isa = PBXFileReference; fileEncoding = 4; lastKnownFileType = sourcecode.swift; path = GraveProfileImage.swift; sourceTree = "<group>"; };
		CBCE0E2823FD13F40077A4F1 /* UserReport.swift */ = {isa = PBXFileReference; fileEncoding = 4; lastKnownFileType = sourcecode.swift; path = UserReport.swift; sourceTree = "<group>"; };
		CBCE0E2A23FD14080077A4F1 /* GraveTableViewController.swift */ = {isa = PBXFileReference; fileEncoding = 4; lastKnownFileType = sourcecode.swift; path = GraveTableViewController.swift; sourceTree = "<group>"; };
		CBCE0E2C23FD14250077A4F1 /* StoryTableViewCell.swift */ = {isa = PBXFileReference; fileEncoding = 4; lastKnownFileType = sourcecode.swift; path = StoryTableViewCell.swift; sourceTree = "<group>"; };
		CBCE0E2E23FD14410077A4F1 /* Assets.xcassets */ = {isa = PBXFileReference; lastKnownFileType = folder.assetcatalog; path = Assets.xcassets; sourceTree = "<group>"; };
		CBCE0E3223FD14690077A4F1 /* LaunchScreen.storyboard */ = {isa = PBXFileReference; fileEncoding = 4; lastKnownFileType = file.storyboard; path = LaunchScreen.storyboard; sourceTree = "<group>"; };
		CBDA1056251FFB7600586653 /* MapKit.framework */ = {isa = PBXFileReference; lastKnownFileType = wrapper.framework; name = MapKit.framework; path = System/Library/Frameworks/MapKit.framework; sourceTree = SDKROOT; };
		CBDAE671253362AB004084F3 /* FriendListDynamicTableViewCell.swift */ = {isa = PBXFileReference; lastKnownFileType = sourcecode.swift; path = FriendListDynamicTableViewCell.swift; sourceTree = "<group>"; };
		CBF424A124FE1F960095AE96 /* PlayerView.swift */ = {isa = PBXFileReference; lastKnownFileType = sourcecode.swift; path = PlayerView.swift; sourceTree = "<group>"; };
/* End PBXFileReference section */

/* Begin PBXFrameworksBuildPhase section */
		CB5AE18023512B14001BCCCE /* Frameworks */ = {
			isa = PBXFrameworksBuildPhase;
			buildActionMask = 2147483647;
			files = (
				CBC84AAB29E8F5C50063ABBD /* FirebaseFunctions in Frameworks */,
				CBC84AA129E8F5C50063ABBD /* FirebaseDatabaseSwift in Frameworks */,
				CBC84A9529E8F5C40063ABBD /* FirebaseAnalyticsSwift in Frameworks */,
				CBC84A9B29E8F5C50063ABBD /* FirebaseAuthCombine-Community in Frameworks */,
				CBC84AA729E8F5C50063ABBD /* FirebaseFirestoreCombine-Community in Frameworks */,
				CBDA1057251FFB7600586653 /* MapKit.framework in Frameworks */,
				CBC84AB329E8F5C50063ABBD /* FirebaseMLModelDownloader in Frameworks */,
				CBC84A8E29E8F55A0063ABBD /* GoogleSignIn in Frameworks */,
				CBC84AA929E8F5C50063ABBD /* FirebaseFirestoreSwift in Frameworks */,
				CBC84A9729E8F5C50063ABBD /* FirebaseAppCheck in Frameworks */,
				CBC84A9329E8F5C40063ABBD /* FirebaseAnalytics in Frameworks */,
				CBC84ABB29E8F5C50063ABBD /* FirebaseRemoteConfigSwift in Frameworks */,
				CBC84AAD29E8F5C50063ABBD /* FirebaseInAppMessaging-Beta in Frameworks */,
				CBC84A9D29E8F5C50063ABBD /* FirebaseCrashlytics in Frameworks */,
				CBC84A9F29E8F5C50063ABBD /* FirebaseDatabase in Frameworks */,
				CBC84AB929E8F5C50063ABBD /* FirebaseRemoteConfig in Frameworks */,
				CBC84A9029E8F55A0063ABBD /* GoogleSignInSwift in Frameworks */,
				CBC84A9929E8F5C50063ABBD /* FirebaseAuth in Frameworks */,
				CBC84AB729E8F5C50063ABBD /* FirebasePerformance in Frameworks */,
				CBC84AAF29E8F5C50063ABBD /* FirebaseInAppMessagingSwift-Beta in Frameworks */,
				CBC84ABD29E8F5C50063ABBD /* FirebaseStorage in Frameworks */,
				CBC84AA329E8F5C50063ABBD /* FirebaseDynamicLinks in Frameworks */,
				CBC84AA529E8F5C50063ABBD /* FirebaseFirestore in Frameworks */,
				CBC84AB529E8F5C50063ABBD /* FirebaseMessaging in Frameworks */,
				CBC84AB129E8F5C50063ABBD /* FirebaseInstallations in Frameworks */,
			);
			runOnlyForDeploymentPostprocessing = 0;
		};
/* End PBXFrameworksBuildPhase section */

/* Begin PBXGroup section */
		1D9EAB64215B5264537096B9 /* Frameworks */ = {
			isa = PBXGroup;
			children = (
				CBDA1056251FFB7600586653 /* MapKit.framework */,
			);
			name = Frameworks;
			sourceTree = "<group>";
		};
		CB06FB02237F223500611C62 /* Recovered References */ = {
			isa = PBXGroup;
			children = (
			);
			name = "Recovered References";
			sourceTree = "<group>";
		};
		CB226F4225218BEA00BB0F51 /* Video Files */ = {
			isa = PBXGroup;
			children = (
				CB226F4325218C0100BB0F51 /* memorialMakerInto.mp4 */,
			);
			path = "Video Files";
			sourceTree = "<group>";
		};
		CB4895A424DE097D00055688 /* Stories */ = {
			isa = PBXGroup;
			children = (
				CBCE0E2223FD13BE0077A4F1 /* Story.swift */,
				CB398EFA23695D0600A515B9 /* GraveStoriesTableViewController.swift */,
				CB3A388B2375293F00DA756D /* GraveStoryTableViewController.swift */,
				CB3A3889237528E400DA756D /* NewGraveStoryTableViewController.swift */,
				CBCE0E2C23FD14250077A4F1 /* StoryTableViewCell.swift */,
			);
			path = Stories;
			sourceTree = "<group>";
		};
		CB4895A524DE09BE00055688 /* Grave */ = {
			isa = PBXGroup;
			children = (
				CBCE0E2023FD13AB0077A4F1 /* Grave.swift */,
				CBF424A124FE1F960095AE96 /* PlayerView.swift */,
				CBCE0E2A23FD14080077A4F1 /* GraveTableViewController.swift */,
				CB881F992367B41E00615F2F /* EditGraveTableViewController.swift */,
				CBCE0E2623FD13E80077A4F1 /* GraveProfileImage.swift */,
			);
			path = Grave;
			sourceTree = "<group>";
		};
		CB5359802532E0810048B201 /* DynamicAccountCells */ = {
			isa = PBXGroup;
			children = (
				CBDAE671253362AB004084F3 /* FriendListDynamicTableViewCell.swift */,
				CB19C288252C82CA009DB081 /* FriendRequestTableViewCell.swift */,
				CB19C28B252C82D8009DB081 /* IgnoreListTableViewCell.swift */,
			);
			path = DynamicAccountCells;
			sourceTree = "<group>";
		};
		CB5AE17A23512B14001BCCCE = {
			isa = PBXGroup;
			children = (
				CB5AE18523512B14001BCCCE /* GraveYardApp */,
				CB5AE18423512B14001BCCCE /* Products */,
				CB06FB02237F223500611C62 /* Recovered References */,
				1D9EAB64215B5264537096B9 /* Frameworks */,
			);
			sourceTree = "<group>";
		};
		CB5AE18423512B14001BCCCE /* Products */ = {
			isa = PBXGroup;
			children = (
				CB5AE18323512B14001BCCCE /* Remembrances.app */,
			);
			name = Products;
			sourceTree = "<group>";
		};
		CB5AE18523512B14001BCCCE /* GraveYardApp */ = {
			isa = PBXGroup;
			children = (
				CB226F4225218BEA00BB0F51 /* Video Files */,
				CBBCBD43250A74D800326169 /* Sound Files */,
				CBAC4EAD2370EA83006760A5 /* Delegates */,
				CBAC4EAB2370E995006760A5 /* Firebase */,
				CBAC4EA92370E949006760A5 /* Map */,
				CBA44AC2252C73230096D438 /* Account */,
				CBAC4EA82370E88E006760A5 /* Memorial */,
				CB5BAADF247DBA4500350553 /* Subscriptions */,
				CBAC4EAC2370E9DE006760A5 /* StoryBoards */,
				CBCE0E2E23FD14410077A4F1 /* Assets.xcassets */,
				CB5AE19423512B16001BCCCE /* Info.plist */,
				CB226F3725205A1D00BB0F51 /* credentials.plist */,
				CB4895A324DC95A000055688 /* GraveYardApp.entitlements */,
				CBBC7B0E2522933400BE6697 /* GoogleService-Info.plist */,
			);
			path = GraveYardApp;
			sourceTree = "<group>";
		};
		CB5BAADF247DBA4500350553 /* Subscriptions */ = {
			isa = PBXGroup;
			children = (
				CB5BAAE0247DBA8C00350553 /* PaymentsViewController.swift */,
			);
			path = Subscriptions;
			sourceTree = "<group>";
		};
		CBA44AC2252C73230096D438 /* Account */ = {
			isa = PBXGroup;
			children = (
				CBCE0E2423FD13CB0077A4F1 /* UserProfile.swift */,
				CB19C28E252C82F1009DB081 /* AccountTableViewController.swift */,
				CB5359802532E0810048B201 /* DynamicAccountCells */,
				CB8304C724B5CE9D0023F4EA /* PremiumViewController.swift */,
			);
			path = Account;
			sourceTree = "<group>";
		};
		CBAC4EA82370E88E006760A5 /* Memorial */ = {
			isa = PBXGroup;
			children = (
				CB3A1AA424F4475500BACC73 /* MemorialsTableViewController.swift */,
				CB3A1AA624F447DC00BACC73 /* MemorialsTableViewCell.swift */,
				CBCE0E1C23FD13910077A4F1 /* CustomAnnotation.swift */,
				CBCE0E2823FD13F40077A4F1 /* UserReport.swift */,
				CB4895A524DE09BE00055688 /* Grave */,
				CB4895A424DE097D00055688 /* Stories */,
			);
			path = Memorial;
			sourceTree = "<group>";
		};
		CBAC4EA92370E949006760A5 /* Map */ = {
			isa = PBXGroup;
			children = (
				CBCE0E1823FD13460077A4F1 /* MapViewController.swift */,
				CBC5B0C825513C9E00534803 /* LocationSearchTableViewCell.swift */,
				CBBC7B1E252B054800BE6697 /* LocationSearchTableView.swift */,
			);
			path = Map;
			sourceTree = "<group>";
		};
		CBAC4EAB2370E995006760A5 /* Firebase */ = {
			isa = PBXGroup;
			children = (
				CBCE0E1323FD13300077A4F1 /* GIDSignInExtension.swift */,
				CBCE0E1123FD132B0077A4F1 /* GlobalExtension.swift */,
				CBCE0E1223FD132E0077A4F1 /* MyFirebase.swift */,
				CBCE0E1023FD13290077A4F1 /* SignInViewController.swift */,
			);
			path = Firebase;
			sourceTree = "<group>";
		};
		CBAC4EAC2370E9DE006760A5 /* StoryBoards */ = {
			isa = PBXGroup;
			children = (
				CB3A30E0235F9E4B00CF2CBB /* Main.storyboard */,
				CBCE0E3223FD14690077A4F1 /* LaunchScreen.storyboard */,
			);
			path = StoryBoards;
			sourceTree = "<group>";
		};
		CBAC4EAD2370EA83006760A5 /* Delegates */ = {
			isa = PBXGroup;
			children = (
				CBCE0E0E23FD13050077A4F1 /* AppDelegate.swift */,
				CBCE0E0823FD12D00077A4F1 /* SplashViewController.swift */,
				CBCE0E0A23FD12D00077A4F1 /* SceneDelegate.swift */,
				CB697DF22440A82F0035C07A /* SignInWithAppleManager.swift */,
				CB697DF42440A8460035C07A /* AuthState.swift */,
			);
			path = Delegates;
			sourceTree = "<group>";
		};
		CBBCBD43250A74D800326169 /* Sound Files */ = {
			isa = PBXGroup;
			children = (
				CBBCBD45250A74F700326169 /* paperBookSound.wav */,
				CBBCBD44250A74F600326169 /* paperSound.wav */,
			);
			path = "Sound Files";
			sourceTree = "<group>";
		};
/* End PBXGroup section */

/* Begin PBXNativeTarget section */
		CB5AE18223512B14001BCCCE /* Remembrances */ = {
			isa = PBXNativeTarget;
			buildConfigurationList = CB5AE19723512B16001BCCCE /* Build configuration list for PBXNativeTarget "Remembrances" */;
			buildPhases = (
				CB5AE17F23512B14001BCCCE /* Sources */,
				CB5AE18023512B14001BCCCE /* Frameworks */,
				CB5AE18123512B14001BCCCE /* Resources */,
			);
			buildRules = (
			);
			dependencies = (
			);
			name = Remembrances;
			packageProductDependencies = (
				CBC84A8D29E8F55A0063ABBD /* GoogleSignIn */,
				CBC84A8F29E8F55A0063ABBD /* GoogleSignInSwift */,
				CBC84A9229E8F5C40063ABBD /* FirebaseAnalytics */,
				CBC84A9429E8F5C40063ABBD /* FirebaseAnalyticsSwift */,
				CBC84A9629E8F5C50063ABBD /* FirebaseAppCheck */,
				CBC84A9829E8F5C50063ABBD /* FirebaseAuth */,
				CBC84A9A29E8F5C50063ABBD /* FirebaseAuthCombine-Community */,
				CBC84A9C29E8F5C50063ABBD /* FirebaseCrashlytics */,
				CBC84A9E29E8F5C50063ABBD /* FirebaseDatabase */,
				CBC84AA029E8F5C50063ABBD /* FirebaseDatabaseSwift */,
				CBC84AA229E8F5C50063ABBD /* FirebaseDynamicLinks */,
				CBC84AA429E8F5C50063ABBD /* FirebaseFirestore */,
				CBC84AA629E8F5C50063ABBD /* FirebaseFirestoreCombine-Community */,
				CBC84AA829E8F5C50063ABBD /* FirebaseFirestoreSwift */,
				CBC84AAA29E8F5C50063ABBD /* FirebaseFunctions */,
				CBC84AAC29E8F5C50063ABBD /* FirebaseInAppMessaging-Beta */,
				CBC84AAE29E8F5C50063ABBD /* FirebaseInAppMessagingSwift-Beta */,
				CBC84AB029E8F5C50063ABBD /* FirebaseInstallations */,
				CBC84AB229E8F5C50063ABBD /* FirebaseMLModelDownloader */,
				CBC84AB429E8F5C50063ABBD /* FirebaseMessaging */,
				CBC84AB629E8F5C50063ABBD /* FirebasePerformance */,
				CBC84AB829E8F5C50063ABBD /* FirebaseRemoteConfig */,
				CBC84ABA29E8F5C50063ABBD /* FirebaseRemoteConfigSwift */,
				CBC84ABC29E8F5C50063ABBD /* FirebaseStorage */,
			);
			productName = GraveYardApp;
			productReference = CB5AE18323512B14001BCCCE /* Remembrances.app */;
			productType = "com.apple.product-type.application";
		};
/* End PBXNativeTarget section */

/* Begin PBXProject section */
		CB5AE17B23512B14001BCCCE /* Project object */ = {
			isa = PBXProject;
			attributes = {
				BuildIndependentTargetsInParallel = YES;
				LastSwiftUpdateCheck = 1100;
				LastUpgradeCheck = 1200;
				ORGANIZATIONNAME = "Tyler Donohue";
				TargetAttributes = {
					CB5AE18223512B14001BCCCE = {
						CreatedOnToolsVersion = 11.0;
					};
				};
			};
			buildConfigurationList = CB5AE17E23512B14001BCCCE /* Build configuration list for PBXProject "Remembrances" */;
			compatibilityVersion = "Xcode 11.0";
			developmentRegion = en;
			hasScannedForEncodings = 0;
			knownRegions = (
				en,
				Base,
			);
			mainGroup = CB5AE17A23512B14001BCCCE;
			packageReferences = (
				CBC84A8C29E8F55A0063ABBD /* XCRemoteSwiftPackageReference "GoogleSignIn-iOS" */,
				CBC84A9129E8F5C40063ABBD /* XCRemoteSwiftPackageReference "firebase-ios-sdk" */,
			);
			productRefGroup = CB5AE18423512B14001BCCCE /* Products */;
			projectDirPath = "";
			projectRoot = "";
			targets = (
				CB5AE18223512B14001BCCCE /* Remembrances */,
			);
		};
/* End PBXProject section */

/* Begin PBXResourcesBuildPhase section */
		CB5AE18123512B14001BCCCE /* Resources */ = {
			isa = PBXResourcesBuildPhase;
			buildActionMask = 2147483647;
			files = (
				CBBCBD46250A74F700326169 /* paperSound.wav in Resources */,
				CBBC7B0F2522933500BE6697 /* GoogleService-Info.plist in Resources */,
				CB3A30E1235F9E4B00CF2CBB /* Main.storyboard in Resources */,
				CBCE0E3323FD14690077A4F1 /* LaunchScreen.storyboard in Resources */,
				CBBCBD47250A74F700326169 /* paperBookSound.wav in Resources */,
				CB226F4425218C0100BB0F51 /* memorialMakerInto.mp4 in Resources */,
				CB226F3825205A1E00BB0F51 /* credentials.plist in Resources */,
				CBCE0E2F23FD14410077A4F1 /* Assets.xcassets in Resources */,
			);
			runOnlyForDeploymentPostprocessing = 0;
		};
/* End PBXResourcesBuildPhase section */

/* Begin PBXSourcesBuildPhase section */
		CB5AE17F23512B14001BCCCE /* Sources */ = {
			isa = PBXSourcesBuildPhase;
			buildActionMask = 2147483647;
			files = (
				CB697DF32440A82F0035C07A /* SignInWithAppleManager.swift in Sources */,
				CBCE0E2123FD13AC0077A4F1 /* Grave.swift in Sources */,
				CB8304C824B5CE9D0023F4EA /* PremiumViewController.swift in Sources */,
				CBCE0E1423FD13300077A4F1 /* SignInViewController.swift in Sources */,
				CBCE0E2923FD13F40077A4F1 /* UserReport.swift in Sources */,
				CB3A388A237528E400DA756D /* NewGraveStoryTableViewController.swift in Sources */,
				CB881F9A2367B41E00615F2F /* EditGraveTableViewController.swift in Sources */,
				CBDAE672253362AB004084F3 /* FriendListDynamicTableViewCell.swift in Sources */,
				CB697DF52440A8460035C07A /* AuthState.swift in Sources */,
				CBCE0E2723FD13E80077A4F1 /* GraveProfileImage.swift in Sources */,
				CBCE0E1923FD13460077A4F1 /* MapViewController.swift in Sources */,
				CBC5B0C925513C9E00534803 /* LocationSearchTableViewCell.swift in Sources */,
				CBCE0E2323FD13BE0077A4F1 /* Story.swift in Sources */,
				CBCE0E2B23FD14080077A4F1 /* GraveTableViewController.swift in Sources */,
				CB19C28C252C82D8009DB081 /* IgnoreListTableViewCell.swift in Sources */,
				CB3A1AA524F4475500BACC73 /* MemorialsTableViewController.swift in Sources */,
				CB19C28F252C82F1009DB081 /* AccountTableViewController.swift in Sources */,
				CBCE0E1723FD13300077A4F1 /* GIDSignInExtension.swift in Sources */,
				CB5BAAE1247DBA8C00350553 /* PaymentsViewController.swift in Sources */,
				CBCE0E2D23FD14250077A4F1 /* StoryTableViewCell.swift in Sources */,
				CBCE0E0F23FD13050077A4F1 /* AppDelegate.swift in Sources */,
				CBCE0E0D23FD12D00077A4F1 /* SceneDelegate.swift in Sources */,
				CBF424A224FE1F970095AE96 /* PlayerView.swift in Sources */,
				CB3A388C2375293F00DA756D /* GraveStoryTableViewController.swift in Sources */,
				CB19C289252C82CA009DB081 /* FriendRequestTableViewCell.swift in Sources */,
				CBCE0E0B23FD12D00077A4F1 /* SplashViewController.swift in Sources */,
				CB398EFB23695D0600A515B9 /* GraveStoriesTableViewController.swift in Sources */,
				CBCE0E1623FD13300077A4F1 /* MyFirebase.swift in Sources */,
				CBCE0E1523FD13300077A4F1 /* GlobalExtension.swift in Sources */,
				CB3A1AA724F447DC00BACC73 /* MemorialsTableViewCell.swift in Sources */,
				CBCE0E1D23FD13910077A4F1 /* CustomAnnotation.swift in Sources */,
				CBBC7B1F252B054800BE6697 /* LocationSearchTableView.swift in Sources */,
				CBCE0E2523FD13CC0077A4F1 /* UserProfile.swift in Sources */,
			);
			runOnlyForDeploymentPostprocessing = 0;
		};
/* End PBXSourcesBuildPhase section */

/* Begin XCBuildConfiguration section */
		CB5AE19523512B16001BCCCE /* Debug */ = {
			isa = XCBuildConfiguration;
			buildSettings = {
				ALWAYS_SEARCH_USER_PATHS = NO;
				CLANG_ANALYZER_NONNULL = YES;
				CLANG_ANALYZER_NUMBER_OBJECT_CONVERSION = YES_AGGRESSIVE;
				CLANG_CXX_LANGUAGE_STANDARD = "gnu++14";
				CLANG_CXX_LIBRARY = "libc++";
				CLANG_ENABLE_MODULES = YES;
				CLANG_ENABLE_OBJC_ARC = YES;
				CLANG_ENABLE_OBJC_WEAK = YES;
				CLANG_WARN_BLOCK_CAPTURE_AUTORELEASING = YES;
				CLANG_WARN_BOOL_CONVERSION = YES;
				CLANG_WARN_COMMA = YES;
				CLANG_WARN_CONSTANT_CONVERSION = YES;
				CLANG_WARN_DEPRECATED_OBJC_IMPLEMENTATIONS = YES;
				CLANG_WARN_DIRECT_OBJC_ISA_USAGE = YES_ERROR;
				CLANG_WARN_DOCUMENTATION_COMMENTS = YES;
				CLANG_WARN_EMPTY_BODY = YES;
				CLANG_WARN_ENUM_CONVERSION = YES;
				CLANG_WARN_INFINITE_RECURSION = YES;
				CLANG_WARN_INT_CONVERSION = YES;
				CLANG_WARN_NON_LITERAL_NULL_CONVERSION = YES;
				CLANG_WARN_OBJC_IMPLICIT_RETAIN_SELF = YES;
				CLANG_WARN_OBJC_LITERAL_CONVERSION = YES;
				CLANG_WARN_OBJC_ROOT_CLASS = YES_ERROR;
				CLANG_WARN_QUOTED_INCLUDE_IN_FRAMEWORK_HEADER = YES;
				CLANG_WARN_RANGE_LOOP_ANALYSIS = YES;
				CLANG_WARN_STRICT_PROTOTYPES = YES;
				CLANG_WARN_SUSPICIOUS_MOVE = YES;
				CLANG_WARN_UNGUARDED_AVAILABILITY = YES_AGGRESSIVE;
				CLANG_WARN_UNREACHABLE_CODE = YES;
				CLANG_WARN__DUPLICATE_METHOD_MATCH = YES;
				COPY_PHASE_STRIP = NO;
				DEBUG_INFORMATION_FORMAT = dwarf;
				ENABLE_STRICT_OBJC_MSGSEND = YES;
				ENABLE_TESTABILITY = YES;
				"EXCLUDED_ARCHS[sdk=iphonesimulator*]" = arm64;
				GCC_C_LANGUAGE_STANDARD = gnu11;
				GCC_DYNAMIC_NO_PIC = NO;
				GCC_NO_COMMON_BLOCKS = NO;
				GCC_OPTIMIZATION_LEVEL = 0;
				GCC_PREPROCESSOR_DEFINITIONS = (
					"DEBUG=1",
					"$(inherited)",
				);
				GCC_WARN_64_TO_32_BIT_CONVERSION = YES;
				GCC_WARN_ABOUT_RETURN_TYPE = YES_ERROR;
				GCC_WARN_UNDECLARED_SELECTOR = YES;
				GCC_WARN_UNINITIALIZED_AUTOS = YES_AGGRESSIVE;
				GCC_WARN_UNUSED_FUNCTION = YES;
				GCC_WARN_UNUSED_VARIABLE = YES;
				IPHONEOS_DEPLOYMENT_TARGET = 14.0;
				MTL_ENABLE_DEBUG_INFO = INCLUDE_SOURCE;
				MTL_FAST_MATH = YES;
				ONLY_ACTIVE_ARCH = YES;
				SDKROOT = iphoneos;
				SWIFT_ACTIVE_COMPILATION_CONDITIONS = DEBUG;
				SWIFT_OPTIMIZATION_LEVEL = "-Onone";
			};
			name = Debug;
		};
		CB5AE19623512B16001BCCCE /* Release */ = {
			isa = XCBuildConfiguration;
			buildSettings = {
				ALWAYS_SEARCH_USER_PATHS = NO;
				CLANG_ANALYZER_NONNULL = YES;
				CLANG_ANALYZER_NUMBER_OBJECT_CONVERSION = YES_AGGRESSIVE;
				CLANG_CXX_LANGUAGE_STANDARD = "gnu++14";
				CLANG_CXX_LIBRARY = "libc++";
				CLANG_ENABLE_MODULES = YES;
				CLANG_ENABLE_OBJC_ARC = YES;
				CLANG_ENABLE_OBJC_WEAK = YES;
				CLANG_WARN_BLOCK_CAPTURE_AUTORELEASING = YES;
				CLANG_WARN_BOOL_CONVERSION = YES;
				CLANG_WARN_COMMA = YES;
				CLANG_WARN_CONSTANT_CONVERSION = YES;
				CLANG_WARN_DEPRECATED_OBJC_IMPLEMENTATIONS = YES;
				CLANG_WARN_DIRECT_OBJC_ISA_USAGE = YES_ERROR;
				CLANG_WARN_DOCUMENTATION_COMMENTS = YES;
				CLANG_WARN_EMPTY_BODY = YES;
				CLANG_WARN_ENUM_CONVERSION = YES;
				CLANG_WARN_INFINITE_RECURSION = YES;
				CLANG_WARN_INT_CONVERSION = YES;
				CLANG_WARN_NON_LITERAL_NULL_CONVERSION = YES;
				CLANG_WARN_OBJC_IMPLICIT_RETAIN_SELF = YES;
				CLANG_WARN_OBJC_LITERAL_CONVERSION = YES;
				CLANG_WARN_OBJC_ROOT_CLASS = YES_ERROR;
				CLANG_WARN_QUOTED_INCLUDE_IN_FRAMEWORK_HEADER = YES;
				CLANG_WARN_RANGE_LOOP_ANALYSIS = YES;
				CLANG_WARN_STRICT_PROTOTYPES = YES;
				CLANG_WARN_SUSPICIOUS_MOVE = YES;
				CLANG_WARN_UNGUARDED_AVAILABILITY = YES_AGGRESSIVE;
				CLANG_WARN_UNREACHABLE_CODE = YES;
				CLANG_WARN__DUPLICATE_METHOD_MATCH = YES;
				COPY_PHASE_STRIP = NO;
				DEBUG_INFORMATION_FORMAT = "dwarf-with-dsym";
				ENABLE_NS_ASSERTIONS = NO;
				ENABLE_STRICT_OBJC_MSGSEND = YES;
				GCC_C_LANGUAGE_STANDARD = gnu11;
				GCC_NO_COMMON_BLOCKS = NO;
				GCC_WARN_64_TO_32_BIT_CONVERSION = YES;
				GCC_WARN_ABOUT_RETURN_TYPE = YES_ERROR;
				GCC_WARN_UNDECLARED_SELECTOR = YES;
				GCC_WARN_UNINITIALIZED_AUTOS = YES_AGGRESSIVE;
				GCC_WARN_UNUSED_FUNCTION = YES;
				GCC_WARN_UNUSED_VARIABLE = YES;
				IPHONEOS_DEPLOYMENT_TARGET = 14.0;
				MTL_ENABLE_DEBUG_INFO = NO;
				MTL_FAST_MATH = YES;
				SDKROOT = iphoneos;
				SWIFT_COMPILATION_MODE = wholemodule;
				SWIFT_OPTIMIZATION_LEVEL = "-O";
				VALIDATE_PRODUCT = YES;
			};
			name = Release;
		};
		CB5AE19823512B16001BCCCE /* Debug */ = {
			isa = XCBuildConfiguration;
			buildSettings = {
				ASSETCATALOG_COMPILER_APPICON_NAME = AppIcon;
				CODE_SIGN_ENTITLEMENTS = GraveYardApp/GraveYardApp.entitlements;
				CODE_SIGN_IDENTITY = "Apple Development";
				CODE_SIGN_STYLE = Automatic;
				CURRENT_PROJECT_VERSION = 1;
				DEVELOPMENT_TEAM = D6AZ3B5HRK;
				INFOPLIST_FILE = GraveYardApp/Info.plist;
				IPHONEOS_DEPLOYMENT_TARGET = 16.2;
				LD_RUNPATH_SEARCH_PATHS = (
					"$(inherited)",
					"@executable_path/Frameworks",
				);
				MARKETING_VERSION = 1.17;
				PRODUCT_BUNDLE_IDENTIFIER = TyDon.RemembrancesApp;
				PRODUCT_NAME = "$(TARGET_NAME)";
				PROVISIONING_PROFILE_SPECIFIER = "";
				SUPPORTED_PLATFORMS = "iphoneos iphonesimulator";
				SUPPORTS_MACCATALYST = NO;
				SUPPORTS_MAC_DESIGNED_FOR_IPHONE_IPAD = NO;
				SWIFT_VERSION = 5.0;
				TARGETED_DEVICE_FAMILY = "1,2";
			};
			name = Debug;
		};
		CB5AE19923512B16001BCCCE /* Release */ = {
			isa = XCBuildConfiguration;
			buildSettings = {
				ASSETCATALOG_COMPILER_APPICON_NAME = AppIcon;
				CODE_SIGN_ENTITLEMENTS = GraveYardApp/GraveYardApp.entitlements;
				CODE_SIGN_IDENTITY = "Apple Development";
				CODE_SIGN_STYLE = Automatic;
				CURRENT_PROJECT_VERSION = 1;
				DEVELOPMENT_TEAM = D6AZ3B5HRK;
				"EXCLUDED_ARCHS[sdk=iphonesimulator*]" = arm64;
				INFOPLIST_FILE = GraveYardApp/Info.plist;
				IPHONEOS_DEPLOYMENT_TARGET = 16.2;
				LD_RUNPATH_SEARCH_PATHS = (
					"$(inherited)",
					"@executable_path/Frameworks",
				);
				MARKETING_VERSION = 1.17;
				PRODUCT_BUNDLE_IDENTIFIER = TyDon.RemembrancesApp;
				PRODUCT_NAME = "$(TARGET_NAME)";
				PROVISIONING_PROFILE_SPECIFIER = "";
				SUPPORTED_PLATFORMS = "iphoneos iphonesimulator";
				SUPPORTS_MACCATALYST = NO;
				SUPPORTS_MAC_DESIGNED_FOR_IPHONE_IPAD = NO;
				SWIFT_VERSION = 5.0;
				TARGETED_DEVICE_FAMILY = "1,2";
			};
			name = Release;
		};
/* End XCBuildConfiguration section */

/* Begin XCConfigurationList section */
		CB5AE17E23512B14001BCCCE /* Build configuration list for PBXProject "Remembrances" */ = {
			isa = XCConfigurationList;
			buildConfigurations = (
				CB5AE19523512B16001BCCCE /* Debug */,
				CB5AE19623512B16001BCCCE /* Release */,
			);
			defaultConfigurationIsVisible = 0;
			defaultConfigurationName = Release;
		};
		CB5AE19723512B16001BCCCE /* Build configuration list for PBXNativeTarget "Remembrances" */ = {
			isa = XCConfigurationList;
			buildConfigurations = (
				CB5AE19823512B16001BCCCE /* Debug */,
				CB5AE19923512B16001BCCCE /* Release */,
			);
			defaultConfigurationIsVisible = 0;
			defaultConfigurationName = Release;
		};
/* End XCConfigurationList section */

/* Begin XCRemoteSwiftPackageReference section */
		CBC84A8C29E8F55A0063ABBD /* XCRemoteSwiftPackageReference "GoogleSignIn-iOS" */ = {
			isa = XCRemoteSwiftPackageReference;
			repositoryURL = "https://github.com/google/GoogleSignIn-iOS.git";
			requirement = {
				kind = upToNextMajorVersion;
				minimumVersion = 7.0.0;
			};
		};
		CBC84A9129E8F5C40063ABBD /* XCRemoteSwiftPackageReference "firebase-ios-sdk" */ = {
			isa = XCRemoteSwiftPackageReference;
			repositoryURL = "https://github.com/firebase/firebase-ios-sdk.git";
			requirement = {
				kind = upToNextMajorVersion;
				minimumVersion = 10.0.0;
			};
		};
/* End XCRemoteSwiftPackageReference section */

/* Begin XCSwiftPackageProductDependency section */
		CBC84A8D29E8F55A0063ABBD /* GoogleSignIn */ = {
			isa = XCSwiftPackageProductDependency;
			package = CBC84A8C29E8F55A0063ABBD /* XCRemoteSwiftPackageReference "GoogleSignIn-iOS" */;
			productName = GoogleSignIn;
		};
		CBC84A8F29E8F55A0063ABBD /* GoogleSignInSwift */ = {
			isa = XCSwiftPackageProductDependency;
			package = CBC84A8C29E8F55A0063ABBD /* XCRemoteSwiftPackageReference "GoogleSignIn-iOS" */;
			productName = GoogleSignInSwift;
		};
		CBC84A9229E8F5C40063ABBD /* FirebaseAnalytics */ = {
			isa = XCSwiftPackageProductDependency;
			package = CBC84A9129E8F5C40063ABBD /* XCRemoteSwiftPackageReference "firebase-ios-sdk" */;
			productName = FirebaseAnalytics;
		};
		CBC84A9429E8F5C40063ABBD /* FirebaseAnalyticsSwift */ = {
			isa = XCSwiftPackageProductDependency;
			package = CBC84A9129E8F5C40063ABBD /* XCRemoteSwiftPackageReference "firebase-ios-sdk" */;
			productName = FirebaseAnalyticsSwift;
		};
		CBC84A9629E8F5C50063ABBD /* FirebaseAppCheck */ = {
			isa = XCSwiftPackageProductDependency;
			package = CBC84A9129E8F5C40063ABBD /* XCRemoteSwiftPackageReference "firebase-ios-sdk" */;
			productName = FirebaseAppCheck;
		};
		CBC84A9829E8F5C50063ABBD /* FirebaseAuth */ = {
			isa = XCSwiftPackageProductDependency;
			package = CBC84A9129E8F5C40063ABBD /* XCRemoteSwiftPackageReference "firebase-ios-sdk" */;
			productName = FirebaseAuth;
		};
		CBC84A9A29E8F5C50063ABBD /* FirebaseAuthCombine-Community */ = {
			isa = XCSwiftPackageProductDependency;
			package = CBC84A9129E8F5C40063ABBD /* XCRemoteSwiftPackageReference "firebase-ios-sdk" */;
			productName = "FirebaseAuthCombine-Community";
		};
		CBC84A9C29E8F5C50063ABBD /* FirebaseCrashlytics */ = {
			isa = XCSwiftPackageProductDependency;
			package = CBC84A9129E8F5C40063ABBD /* XCRemoteSwiftPackageReference "firebase-ios-sdk" */;
			productName = FirebaseCrashlytics;
		};
		CBC84A9E29E8F5C50063ABBD /* FirebaseDatabase */ = {
			isa = XCSwiftPackageProductDependency;
			package = CBC84A9129E8F5C40063ABBD /* XCRemoteSwiftPackageReference "firebase-ios-sdk" */;
			productName = FirebaseDatabase;
		};
		CBC84AA029E8F5C50063ABBD /* FirebaseDatabaseSwift */ = {
			isa = XCSwiftPackageProductDependency;
			package = CBC84A9129E8F5C40063ABBD /* XCRemoteSwiftPackageReference "firebase-ios-sdk" */;
			productName = FirebaseDatabaseSwift;
		};
		CBC84AA229E8F5C50063ABBD /* FirebaseDynamicLinks */ = {
			isa = XCSwiftPackageProductDependency;
			package = CBC84A9129E8F5C40063ABBD /* XCRemoteSwiftPackageReference "firebase-ios-sdk" */;
			productName = FirebaseDynamicLinks;
		};
		CBC84AA429E8F5C50063ABBD /* FirebaseFirestore */ = {
			isa = XCSwiftPackageProductDependency;
			package = CBC84A9129E8F5C40063ABBD /* XCRemoteSwiftPackageReference "firebase-ios-sdk" */;
			productName = FirebaseFirestore;
		};
		CBC84AA629E8F5C50063ABBD /* FirebaseFirestoreCombine-Community */ = {
			isa = XCSwiftPackageProductDependency;
			package = CBC84A9129E8F5C40063ABBD /* XCRemoteSwiftPackageReference "firebase-ios-sdk" */;
			productName = "FirebaseFirestoreCombine-Community";
		};
		CBC84AA829E8F5C50063ABBD /* FirebaseFirestoreSwift */ = {
			isa = XCSwiftPackageProductDependency;
			package = CBC84A9129E8F5C40063ABBD /* XCRemoteSwiftPackageReference "firebase-ios-sdk" */;
			productName = FirebaseFirestoreSwift;
		};
		CBC84AAA29E8F5C50063ABBD /* FirebaseFunctions */ = {
			isa = XCSwiftPackageProductDependency;
			package = CBC84A9129E8F5C40063ABBD /* XCRemoteSwiftPackageReference "firebase-ios-sdk" */;
			productName = FirebaseFunctions;
		};
		CBC84AAC29E8F5C50063ABBD /* FirebaseInAppMessaging-Beta */ = {
			isa = XCSwiftPackageProductDependency;
			package = CBC84A9129E8F5C40063ABBD /* XCRemoteSwiftPackageReference "firebase-ios-sdk" */;
			productName = "FirebaseInAppMessaging-Beta";
		};
		CBC84AAE29E8F5C50063ABBD /* FirebaseInAppMessagingSwift-Beta */ = {
			isa = XCSwiftPackageProductDependency;
			package = CBC84A9129E8F5C40063ABBD /* XCRemoteSwiftPackageReference "firebase-ios-sdk" */;
			productName = "FirebaseInAppMessagingSwift-Beta";
		};
		CBC84AB029E8F5C50063ABBD /* FirebaseInstallations */ = {
			isa = XCSwiftPackageProductDependency;
			package = CBC84A9129E8F5C40063ABBD /* XCRemoteSwiftPackageReference "firebase-ios-sdk" */;
			productName = FirebaseInstallations;
		};
		CBC84AB229E8F5C50063ABBD /* FirebaseMLModelDownloader */ = {
			isa = XCSwiftPackageProductDependency;
			package = CBC84A9129E8F5C40063ABBD /* XCRemoteSwiftPackageReference "firebase-ios-sdk" */;
			productName = FirebaseMLModelDownloader;
		};
		CBC84AB429E8F5C50063ABBD /* FirebaseMessaging */ = {
			isa = XCSwiftPackageProductDependency;
			package = CBC84A9129E8F5C40063ABBD /* XCRemoteSwiftPackageReference "firebase-ios-sdk" */;
			productName = FirebaseMessaging;
		};
		CBC84AB629E8F5C50063ABBD /* FirebasePerformance */ = {
			isa = XCSwiftPackageProductDependency;
			package = CBC84A9129E8F5C40063ABBD /* XCRemoteSwiftPackageReference "firebase-ios-sdk" */;
			productName = FirebasePerformance;
		};
		CBC84AB829E8F5C50063ABBD /* FirebaseRemoteConfig */ = {
			isa = XCSwiftPackageProductDependency;
			package = CBC84A9129E8F5C40063ABBD /* XCRemoteSwiftPackageReference "firebase-ios-sdk" */;
			productName = FirebaseRemoteConfig;
		};
		CBC84ABA29E8F5C50063ABBD /* FirebaseRemoteConfigSwift */ = {
			isa = XCSwiftPackageProductDependency;
			package = CBC84A9129E8F5C40063ABBD /* XCRemoteSwiftPackageReference "firebase-ios-sdk" */;
			productName = FirebaseRemoteConfigSwift;
		};
		CBC84ABC29E8F5C50063ABBD /* FirebaseStorage */ = {
			isa = XCSwiftPackageProductDependency;
			package = CBC84A9129E8F5C40063ABBD /* XCRemoteSwiftPackageReference "firebase-ios-sdk" */;
			productName = FirebaseStorage;
		};
/* End XCSwiftPackageProductDependency section */
	};
	rootObject = CB5AE17B23512B14001BCCCE /* Project object */;
}
